
Microsoft Visual Studio Solution File, Format Version 12.00
# Visual Studio Version 17
VisualStudioVersion = 17.8.34309.116
MinimumVisualStudioVersion = 10.0.40219.1
Project("{FAE04EC0-301F-11D3-BF4B-00C04F79EFBC}") = "WebAPINET8", "WebAPINET8\WebAPINET8.csproj", "{21B2B62C-9445-4880-8D82-A2CE0659894D}"
EndProject
Global
	GlobalSection(SolutionConfigurationPlatforms) = preSolution
		Debug|Any CPU = Debug|Any CPU
		Release|Any CPU = Release|Any CPU
	EndGlobalSection
	GlobalSection(ProjectConfigurationPlatforms) = postSolution
		{21B2B62C-9445-4880-8D82-A2CE0659894D}.Debug|Any CPU.ActiveCfg = Debug|Any CPU
		{21B2B62C-9445-4880-8D82-A2CE0659894D}.Debug|Any CPU.Build.0 = Debug|Any CPU
		{21B2B62C-9445-4880-8D82-A2CE0659894D}.Release|Any CPU.ActiveCfg = Release|Any CPU
		{21B2B62C-9445-4880-8D82-A2CE0659894D}.Release|Any CPU.Build.0 = Release|Any CPU
	EndGlobalSection
	GlobalSection(SolutionProperties) = preSolution
		HideSolutionNode = FALSE
	EndGlobalSection
	GlobalSection(ExtensibilityGlobals) = postSolution
		SolutionGuid = {FEFAFD50-3B26-4C3B-AB22-F522B48308F7}
	EndGlobalSection
EndGlobal
